{
  "requires": true,
  "lockfileVersion": 1,
  "dependencies": {
    "flacheql": {
      "version": "1.0.0",
      "resolved": "https://registry.npmjs.org/flacheql/-/flacheql-1.0.0.tgz",
      "integrity": "sha512-gRcpaZAFzhoLfZ0Xe8s1N3R4FQC+XJE0LWSET6JhxcLlOoe+DWCW8vsPtc/1opopJ6VUev3zAFtmg5pTA3T9kw=="
    }
  }
}
